
Microsoft Visual Studio Solution File, Format Version 12.00
# Visual Studio Version 17
VisualStudioVersion = 17.9.34728.123
MinimumVisualStudioVersion = 10.0.40219.1
Project("{FAE04EC0-301F-11D3-BF4B-00C04F79EFBC}") = "Employee", "Employee\Employee.csproj", "{FBC47BAA-1B62-4010-B855-35E26C552B21}"
EndProject
Global
	GlobalSection(SolutionConfigurationPlatforms) = preSolution
		Debug|Any CPU = Debug|Any CPU
		Release|Any CPU = Release|Any CPU
	EndGlobalSection
	GlobalSection(ProjectConfigurationPlatforms) = postSolution
		{FBC47BAA-1B62-4010-B855-35E26C552B21}.Debug|Any CPU.ActiveCfg = Debug|Any CPU
		{FBC47BAA-1B62-4010-B855-35E26C552B21}.Debug|Any CPU.Build.0 = Debug|Any CPU
		{FBC47BAA-1B62-4010-B855-35E26C552B21}.Release|Any CPU.ActiveCfg = Release|Any CPU
		{FBC47BAA-1B62-4010-B855-35E26C552B21}.Release|Any CPU.Build.0 = Release|Any CPU
	EndGlobalSection
	GlobalSection(SolutionProperties) = preSolution
		HideSolutionNode = FALSE
	EndGlobalSection
	GlobalSection(ExtensibilityGlobals) = postSolution
		SolutionGuid = {0F8CEBB5-0D06-4999-AF38-1F58029B0DFA}
	EndGlobalSection
EndGlobal
